
Microsoft Visual Studio Solution File, Format Version 12.00
# Visual Studio Version 17
VisualStudioVersion = 17.0.32014.148
MinimumVisualStudioVersion = 10.0.40219.1
Project("{FAE04EC0-301F-11D3-BF4B-00C04F79EFBC}") = "Cheat Mod", "Cheat Mod\Cheat Mod.csproj", "{1D7DF4DB-5C88-4F9B-A30D-985927508ECD}"
EndProject
Global
	GlobalSection(SolutionConfigurationPlatforms) = preSolution
		Debug|Any CPU = Debug|Any CPU
		Release|Any CPU = Release|Any CPU
	EndGlobalSection
	GlobalSection(ProjectConfigurationPlatforms) = postSolution
		{1D7DF4DB-5C88-4F9B-A30D-985927508ECD}.Debug|Any CPU.ActiveCfg = Debug|Any CPU
		{1D7DF4DB-5C88-4F9B-A30D-985927508ECD}.Debug|Any CPU.Build.0 = Debug|Any CPU
		{1D7DF4DB-5C88-4F9B-A30D-985927508ECD}.Release|Any CPU.ActiveCfg = Release|Any CPU
		{1D7DF4DB-5C88-4F9B-A30D-985927508ECD}.Release|Any CPU.Build.0 = Release|Any CPU
	EndGlobalSection
	GlobalSection(SolutionProperties) = preSolution
		HideSolutionNode = FALSE
	EndGlobalSection
	GlobalSection(ExtensibilityGlobals) = postSolution
		SolutionGuid = {09B65C6C-9776-451F-8632-DB75A447F087}
	EndGlobalSection
EndGlobal
